
Microsoft Visual Studio Solution File, Format Version 12.00
# Visual Studio 2015
Project("{FAE04EC0-301F-11D3-BF4B-00C04F79EFBC}") = "AI_Snakes", "AI_Snakes.csproj", "{DC6F3A98-5A77-7171-75C1-8124AC12458D}"
EndProject
Project("{FAE04EC0-301F-11D3-BF4B-00C04F79EFBC}") = "AI_Snakes.Editor.Plugins", "AI_Snakes.Editor.Plugins.csproj", "{18512732-E4AC-7691-4D99-07702ED46D91}"
EndProject
Global
	GlobalSection(SolutionConfigurationPlatforms) = preSolution
		Debug|Any CPU = Debug|Any CPU
		Release|Any CPU = Release|Any CPU
	EndGlobalSection
	GlobalSection(ProjectConfigurationPlatforms) = postSolution
		{DC6F3A98-5A77-7171-75C1-8124AC12458D}.Debug|Any CPU.ActiveCfg = Debug|Any CPU
		{DC6F3A98-5A77-7171-75C1-8124AC12458D}.Debug|Any CPU.Build.0 = Debug|Any CPU
		{DC6F3A98-5A77-7171-75C1-8124AC12458D}.Release|Any CPU.ActiveCfg = Release|Any CPU
		{DC6F3A98-5A77-7171-75C1-8124AC12458D}.Release|Any CPU.Build.0 = Release|Any CPU
		{18512732-E4AC-7691-4D99-07702ED46D91}.Debug|Any CPU.ActiveCfg = Debug|Any CPU
		{18512732-E4AC-7691-4D99-07702ED46D91}.Debug|Any CPU.Build.0 = Debug|Any CPU
		{18512732-E4AC-7691-4D99-07702ED46D91}.Release|Any CPU.ActiveCfg = Release|Any CPU
		{18512732-E4AC-7691-4D99-07702ED46D91}.Release|Any CPU.Build.0 = Release|Any CPU
	EndGlobalSection
	GlobalSection(SolutionProperties) = preSolution
		HideSolutionNode = FALSE
	EndGlobalSection
EndGlobal
